{
  "name": "coderadio-package",
  "version": "1.0.0",
  "lockfileVersion": 1,
  "requires": true,
  "dependencies": {
    "nchan": {
      "version": "1.0.10",
      "resolved": "https://registry.npmjs.org/nchan/-/nchan-1.0.10.tgz",
      "integrity": "sha512-jB6fV/03M1AXT08I+hldsU5m2r4t2c7J1UnOsCIK/idowxtJ/nYAPwUahMwhFsuv453miOOCvhmao+kpcScb4Q=="
    }
  }
}
